[FUN,IDENT,LBRACE,RBRACE,COLON,LPAREN,RPAREN,SEMICOLON,ALIEN,OBJECT,TYPEALIAS,ASSIGN,ARROW,COMMA,LBRACKET,RBRACKET,WITH,PTR,VOID,I32,U8,F64,SKIP,STOP,IF,ELSE,WHILE,DO,FOR,OROR,ANDAND,PIPE,CARET,AMP,EQEQ,BANGEQ,LT,GT,LTE,GTE,SHL,SHR,PLUS,MINUS,STAR,SLASH,PERCENT,BANG,TILDE,PLUSPLUS,MINUSMINUS,DOT,TILDE_GT,INT,CHAR_LIT,STRING_LIT,SWITCH,EOF;NonTerminal(name=NonTerminal(name=Program)'),NonTerminal(name=Program),NonTerminal(name=TopDeclList),NonTerminal(name=TopDecl),NonTerminal(name=FunDef),NonTerminal(name=FunDecl),NonTerminal(name=AlienFunDecl),NonTerminal(name=RetTypeOpt),NonTerminal(name=ObjectDecl),NonTerminal(name=ObjectDef),NonTerminal(name=FieldDeclsOpt),NonTerminal(name=FieldDecls),NonTerminal(name=FieldDecl),NonTerminal(name=TypeAlias),NonTerminal(name=ParamTypeListOpt),NonTerminal(name=ParamTypeList),NonTerminal(name=GlobalVarDecl),NonTerminal(name=DeclaratorList),NonTerminal(name=Declarator),NonTerminal(name=ArraySuffixOpt),NonTerminal(name=InitOpt),NonTerminal(name=ParamsOpt),NonTerminal(name=Params),NonTerminal(name=ParamList),NonTerminal(name=Param),NonTerminal(name=Type),NonTerminal(name=TypeSuffix),NonTerminal(name=BaseType),NonTerminal(name=FuncType),NonTerminal(name=ItemListOpt),NonTerminal(name=ItemList),NonTerminal(name=Item),NonTerminal(name=LocalVarDecl),NonTerminal(name=BlockExpr),NonTerminal(name=IfExpr),NonTerminal(name=WhileStmt),NonTerminal(name=DoWhileStmt),NonTerminal(name=ForStmt),NonTerminal(name=ForInitOpt),NonTerminal(name=ForCondOpt),NonTerminal(name=ForIncrOpt),NonTerminal(name=Expr),NonTerminal(name=Assign),NonTerminal(name=LValue),NonTerminal(name=OrExpr),NonTerminal(name=AndExpr),NonTerminal(name=BitOrExpr),NonTerminal(name=BitXorExpr),NonTerminal(name=BitAndExpr),NonTerminal(name=Equality),NonTerminal(name=Rel),NonTerminal(name=Shift),NonTerminal(name=Add),NonTerminal(name=Mul),NonTerminal(name=Factor),NonTerminal(name=Prefixed),NonTerminal(name=Postfix),NonTerminal(name=Simple),NonTerminal(name=CastExpr),NonTerminal(name=ArgsOpt),NonTerminal(name=ArgList),NonTerminal(name=Primary),NonTerminal(name=PrimaryNoIdent),NonTerminal(name=SwitchExpr),NonTerminal(name=CaseList),NonTerminal(name=Case),NonTerminal(name=DefaultCase);154]